
Microsoft Visual Studio Solution File, Format Version 12.00
# Visual Studio Version 17
VisualStudioVersion = 17.14.36518.9 d17.14
MinimumVisualStudioVersion = 10.0.40219.1
Project("{8BC9CEB8-8B4A-11D0-8D11-00A0C91BC942}") = "Project1", "Project1\Project1.vcxproj", "{0C91CD0C-7A6C-40E3-AF92-3DE705D37674}"
EndProject
Project("{8BC9CEB8-8B4A-11D0-8D11-00A0C91BC942}") = "Project2", "Project2\Project2.vcxproj", "{095083E4-E84B-4B99-BC27-9A62F550AFFF}"
EndProject
Project("{8BC9CEB8-8B4A-11D0-8D11-00A0C91BC942}") = "Project3", "Project3\Project3.vcxproj", "{31D178D4-9721-4FDB-97A8-5F8AC63E6C7C}"
EndProject
Project("{8BC9CEB8-8B4A-11D0-8D11-00A0C91BC942}") = "Project4", "Project4\Project4.vcxproj", "{DD97E4D9-16B8-4E6D-90FA-72E8088BF47C}"
EndProject
Project("{8BC9CEB8-8B4A-11D0-8D11-00A0C91BC942}") = "Project5", "Project5\Project5.vcxproj", "{75DC2E32-980C-47B5-BF86-E11926297D6E}"
EndProject
Project("{8BC9CEB8-8B4A-11D0-8D11-00A0C91BC942}") = "Project6", "Project6\Project6.vcxproj", "{AD2BB237-2AF3-4DC8-83D8-FCFA7E474B15}"
EndProject
Project("{8BC9CEB8-8B4A-11D0-8D11-00A0C91BC942}") = "Project7", "Project7\Project7.vcxproj", "{4A10457E-A3A3-48DD-9ABE-D981B0DF738F}"
EndProject
Project("{8BC9CEB8-8B4A-11D0-8D11-00A0C91BC942}") = "Project8", "Project8\Project8.vcxproj", "{018360A4-FAE4-46BC-97A6-58E15DC5DA2F}"
EndProject
Project("{8BC9CEB8-8B4A-11D0-8D11-00A0C91BC942}") = "Project9", "Project9\Project9.vcxproj", "{E7D56C05-76EC-418E-9652-BB5D777F4B1A}"
EndProject
Project("{8BC9CEB8-8B4A-11D0-8D11-00A0C91BC942}") = "Project10", "Project10\Project10.vcxproj", "{70A597E5-5B9B-46E2-A2F9-6D4C722465D8}"
EndProject
Project("{8BC9CEB8-8B4A-11D0-8D11-00A0C91BC942}") = "Project11", "Project11\Project11.vcxproj", "{313F9896-8C4A-4632-B265-11BBD58166F2}"
EndProject
Project("{8BC9CEB8-8B4A-11D0-8D11-00A0C91BC942}") = "Project12", "Project12\Project12.vcxproj", "{D27E9AC3-BDE2-45B9-92DB-E357B8E58638}"
EndProject
Project("{8BC9CEB8-8B4A-11D0-8D11-00A0C91BC942}") = "Project13", "Project13\Project13.vcxproj", "{8908462B-EC82-4FD5-86E3-DA712C89CA6B}"
EndProject
Project("{8BC9CEB8-8B4A-11D0-8D11-00A0C91BC942}") = "Project14", "Project14\Project14.vcxproj", "{616491CF-81DB-4989-BBC1-A0A67CE7F72A}"
EndProject
Project("{8BC9CEB8-8B4A-11D0-8D11-00A0C91BC942}") = "Project15", "Project15\Project15.vcxproj", "{0A86FF9B-E2ED-48D0-947A-9A4C1F5C861B}"
EndProject
Project("{8BC9CEB8-8B4A-11D0-8D11-00A0C91BC942}") = "Project16", "Project16\Project16.vcxproj", "{4788BBEE-6C18-4B5F-AE8B-8CF517B11E4B}"
EndProject
Project("{8BC9CEB8-8B4A-11D0-8D11-00A0C91BC942}") = "Project17", "Project17\Project17.vcxproj", "{346402EE-B107-4912-89F3-300AFF2CCBC3}"
EndProject
Project("{8BC9CEB8-8B4A-11D0-8D11-00A0C91BC942}") = "Project18", "Project18\Project18.vcxproj", "{564EBA95-B503-4339-BB21-EB6E31847302}"
EndProject
Project("{8BC9CEB8-8B4A-11D0-8D11-00A0C91BC942}") = "Project19", "Project19\Project19.vcxproj", "{595848F4-F356-49C4-9165-8F196CA133D5}"
EndProject
Project("{8BC9CEB8-8B4A-11D0-8D11-00A0C91BC942}") = "Project20", "Project20\Project20.vcxproj", "{390ADF79-9AC6-4E9E-ABC6-20B04EADBE7B}"
EndProject
Project("{8BC9CEB8-8B4A-11D0-8D11-00A0C91BC942}") = "Project21", "Project21\Project21.vcxproj", "{3C016FBA-B485-4A86-A4CB-6D5A61CC06EE}"
EndProject
Global
	GlobalSection(SolutionConfigurationPlatforms) = preSolution
		Debug|x64 = Debug|x64
		Debug|x86 = Debug|x86
		Release|x64 = Release|x64
		Release|x86 = Release|x86
	EndGlobalSection
	GlobalSection(ProjectConfigurationPlatforms) = postSolution
		{0C91CD0C-7A6C-40E3-AF92-3DE705D37674}.Debug|x64.ActiveCfg = Debug|x64
		{0C91CD0C-7A6C-40E3-AF92-3DE705D37674}.Debug|x64.Build.0 = Debug|x64
		{0C91CD0C-7A6C-40E3-AF92-3DE705D37674}.Debug|x86.ActiveCfg = Debug|Win32
		{0C91CD0C-7A6C-40E3-AF92-3DE705D37674}.Debug|x86.Build.0 = Debug|Win32
		{0C91CD0C-7A6C-40E3-AF92-3DE705D37674}.Release|x64.ActiveCfg = Release|x64
		{0C91CD0C-7A6C-40E3-AF92-3DE705D37674}.Release|x64.Build.0 = Release|x64
		{0C91CD0C-7A6C-40E3-AF92-3DE705D37674}.Release|x86.ActiveCfg = Release|Win32
		{0C91CD0C-7A6C-40E3-AF92-3DE705D37674}.Release|x86.Build.0 = Release|Win32
		{095083E4-E84B-4B99-BC27-9A62F550AFFF}.Debug|x64.ActiveCfg = Debug|x64
		{095083E4-E84B-4B99-BC27-9A62F550AFFF}.Debug|x64.Build.0 = Debug|x64
		{095083E4-E84B-4B99-BC27-9A62F550AFFF}.Debug|x86.ActiveCfg = Debug|Win32
		{095083E4-E84B-4B99-BC27-9A62F550AFFF}.Debug|x86.Build.0 = Debug|Win32
		{095083E4-E84B-4B99-BC27-9A62F550AFFF}.Release|x64.ActiveCfg = Release|x64
		{095083E4-E84B-4B99-BC27-9A62F550AFFF}.Release|x64.Build.0 = Release|x64
		{095083E4-E84B-4B99-BC27-9A62F550AFFF}.Release|x86.ActiveCfg = Release|Win32
		{095083E4-E84B-4B99-BC27-9A62F550AFFF}.Release|x86.Build.0 = Release|Win32
		{31D178D4-9721-4FDB-97A8-5F8AC63E6C7C}.Debug|x64.ActiveCfg = Debug|x64
		{31D178D4-9721-4FDB-97A8-5F8AC63E6C7C}.Debug|x64.Build.0 = Debug|x64
		{31D178D4-9721-4FDB-97A8-5F8AC63E6C7C}.Debug|x86.ActiveCfg = Debug|Win32
		{31D178D4-9721-4FDB-97A8-5F8AC63E6C7C}.Debug|x86.Build.0 = Debug|Win32
		{31D178D4-9721-4FDB-97A8-5F8AC63E6C7C}.Release|x64.ActiveCfg = Release|x64
		{31D178D4-9721-4FDB-97A8-5F8AC63E6C7C}.Release|x64.Build.0 = Release|x64
		{31D178D4-9721-4FDB-97A8-5F8AC63E6C7C}.Release|x86.ActiveCfg = Release|Win32
		{31D178D4-9721-4FDB-97A8-5F8AC63E6C7C}.Release|x86.Build.0 = Release|Win32
		{DD97E4D9-16B8-4E6D-90FA-72E8088BF47C}.Debug|x64.ActiveCfg = Debug|x64
		{DD97E4D9-16B8-4E6D-90FA-72E8088BF47C}.Debug|x64.Build.0 = Debug|x64
		{DD97E4D9-16B8-4E6D-90FA-72E8088BF47C}.Debug|x86.ActiveCfg = Debug|Win32
		{DD97E4D9-16B8-4E6D-90FA-72E8088BF47C}.Debug|x86.Build.0 = Debug|Win32
		{DD97E4D9-16B8-4E6D-90FA-72E8088BF47C}.Release|x64.ActiveCfg = Release|x64
		{DD97E4D9-16B8-4E6D-90FA-72E8088BF47C}.Release|x64.Build.0 = Release|x64
		{DD97E4D9-16B8-4E6D-90FA-72E8088BF47C}.Release|x86.ActiveCfg = Release|Win32
		{DD97E4D9-16B8-4E6D-90FA-72E8088BF47C}.Release|x86.Build.0 = Release|Win32
		{75DC2E32-980C-47B5-BF86-E11926297D6E}.Debug|x64.ActiveCfg = Debug|x64
		{75DC2E32-980C-47B5-BF86-E11926297D6E}.Debug|x64.Build.0 = Debug|x64
		{75DC2E32-980C-47B5-BF86-E11926297D6E}.Debug|x86.ActiveCfg = Debug|Win32
		{75DC2E32-980C-47B5-BF86-E11926297D6E}.Debug|x86.Build.0 = Debug|Win32
		{75DC2E32-980C-47B5-BF86-E11926297D6E}.Release|x64.ActiveCfg = Release|x64
		{75DC2E32-980C-47B5-BF86-E11926297D6E}.Release|x64.Build.0 = Release|x64
		{75DC2E32-980C-47B5-BF86-E11926297D6E}.Release|x86.ActiveCfg = Release|Win32
		{75DC2E32-980C-47B5-BF86-E11926297D6E}.Release|x86.Build.0 = Release|Win32
		{AD2BB237-2AF3-4DC8-83D8-FCFA7E474B15}.Debug|x64.ActiveCfg = Debug|x64
		{AD2BB237-2AF3-4DC8-83D8-FCFA7E474B15}.Debug|x64.Build.0 = Debug|x64
		{AD2BB237-2AF3-4DC8-83D8-FCFA7E474B15}.Debug|x86.ActiveCfg = Debug|Win32
		{AD2BB237-2AF3-4DC8-83D8-FCFA7E474B15}.Debug|x86.Build.0 = Debug|Win32
		{AD2BB237-2AF3-4DC8-83D8-FCFA7E474B15}.Release|x64.ActiveCfg = Release|x64
		{AD2BB237-2AF3-4DC8-83D8-FCFA7E474B15}.Release|x64.Build.0 = Release|x64
		{AD2BB237-2AF3-4DC8-83D8-FCFA7E474B15}.Release|x86.ActiveCfg = Release|Win32
		{AD2BB237-2AF3-4DC8-83D8-FCFA7E474B15}.Release|x86.Build.0 = Release|Win32
		{4A10457E-A3A3-48DD-9ABE-D981B0DF738F}.Debug|x64.ActiveCfg = Debug|x64
		{4A10457E-A3A3-48DD-9ABE-D981B0DF738F}.Debug|x64.Build.0 = Debug|x64
		{4A10457E-A3A3-48DD-9ABE-D981B0DF738F}.Debug|x86.ActiveCfg = Debug|Win32
		{4A10457E-A3A3-48DD-9ABE-D981B0DF738F}.Debug|x86.Build.0 = Debug|Win32
		{4A10457E-A3A3-48DD-9ABE-D981B0DF738F}.Release|x64.ActiveCfg = Release|x64
		{4A10457E-A3A3-48DD-9ABE-D981B0DF738F}.Release|x64.Build.0 = Release|x64
		{4A10457E-A3A3-48DD-9ABE-D981B0DF738F}.Release|x86.ActiveCfg = Release|Win32
		{4A10457E-A3A3-48DD-9ABE-D981B0DF738F}.Release|x86.Build.0 = Release|Win32
		{018360A4-FAE4-46BC-97A6-58E15DC5DA2F}.Debug|x64.ActiveCfg = Debug|x64
		{018360A4-FAE4-46BC-97A6-58E15DC5DA2F}.Debug|x64.Build.0 = Debug|x64
		{018360A4-FAE4-46BC-97A6-58E15DC5DA2F}.Debug|x86.ActiveCfg = Debug|Win32
		{018360A4-FAE4-46BC-97A6-58E15DC5DA2F}.Debug|x86.Build.0 = Debug|Win32
		{018360A4-FAE4-46BC-97A6-58E15DC5DA2F}.Release|x64.ActiveCfg = Release|x64
		{018360A4-FAE4-46BC-97A6-58E15DC5DA2F}.Release|x64.Build.0 = Release|x64
		{018360A4-FAE4-46BC-97A6-58E15DC5DA2F}.Release|x86.ActiveCfg = Release|Win32
		{018360A4-FAE4-46BC-97A6-58E15DC5DA2F}.Release|x86.Build.0 = Release|Win32
		{E7D56C05-76EC-418E-9652-BB5D777F4B1A}.Debug|x64.ActiveCfg = Debug|x64
		{E7D56C05-76EC-418E-9652-BB5D777F4B1A}.Debug|x64.Build.0 = Debug|x64
		{E7D56C05-76EC-418E-9652-BB5D777F4B1A}.Debug|x86.ActiveCfg = Debug|Win32
		{E7D56C05-76EC-418E-9652-BB5D777F4B1A}.Debug|x86.Build.0 = Debug|Win32
		{E7D56C05-76EC-418E-9652-BB5D777F4B1A}.Release|x64.ActiveCfg = Release|x64
		{E7D56C05-76EC-418E-9652-BB5D777F4B1A}.Release|x64.Build.0 = Release|x64
		{E7D56C05-76EC-418E-9652-BB5D777F4B1A}.Release|x86.ActiveCfg = Release|Win32
		{E7D56C05-76EC-418E-9652-BB5D777F4B1A}.Release|x86.Build.0 = Release|Win32
		{70A597E5-5B9B-46E2-A2F9-6D4C722465D8}.Debug|x64.ActiveCfg = Debug|x64
		{70A597E5-5B9B-46E2-A2F9-6D4C722465D8}.Debug|x64.Build.0 = Debug|x64
		{70A597E5-5B9B-46E2-A2F9-6D4C722465D8}.Debug|x86.ActiveCfg = Debug|Win32
		{70A597E5-5B9B-46E2-A2F9-6D4C722465D8}.Debug|x86.Build.0 = Debug|Win32
		{70A597E5-5B9B-46E2-A2F9-6D4C722465D8}.Release|x64.ActiveCfg = Release|x64
		{70A597E5-5B9B-46E2-A2F9-6D4C722465D8}.Release|x64.Build.0 = Release|x64
		{70A597E5-5B9B-46E2-A2F9-6D4C722465D8}.Release|x86.ActiveCfg = Release|Win32
		{70A597E5-5B9B-46E2-A2F9-6D4C722465D8}.Release|x86.Build.0 = Release|Win32
		{313F9896-8C4A-4632-B265-11BBD58166F2}.Debug|x64.ActiveCfg = Debug|x64
		{313F9896-8C4A-4632-B265-11BBD58166F2}.Debug|x64.Build.0 = Debug|x64
		{313F9896-8C4A-4632-B265-11BBD58166F2}.Debug|x86.ActiveCfg = Debug|Win32
		{313F9896-8C4A-4632-B265-11BBD58166F2}.Debug|x86.Build.0 = Debug|Win32
		{313F9896-8C4A-4632-B265-11BBD58166F2}.Release|x64.ActiveCfg = Release|x64
		{313F9896-8C4A-4632-B265-11BBD58166F2}.Release|x64.Build.0 = Release|x64
		{313F9896-8C4A-4632-B265-11BBD58166F2}.Release|x86.ActiveCfg = Release|Win32
		{313F9896-8C4A-4632-B265-11BBD58166F2}.Release|x86.Build.0 = Release|Win32
		{D27E9AC3-BDE2-45B9-92DB-E357B8E58638}.Debug|x64.ActiveCfg = Debug|x64
		{D27E9AC3-BDE2-45B9-92DB-E357B8E58638}.Debug|x64.Build.0 = Debug|x64
		{D27E9AC3-BDE2-45B9-92DB-E357B8E58638}.Debug|x86.ActiveCfg = Debug|Win32
		{D27E9AC3-BDE2-45B9-92DB-E357B8E58638}.Debug|x86.Build.0 = Debug|Win32
		{D27E9AC3-BDE2-45B9-92DB-E357B8E58638}.Release|x64.ActiveCfg = Release|x64
		{D27E9AC3-BDE2-45B9-92DB-E357B8E58638}.Release|x64.Build.0 = Release|x64
		{D27E9AC3-BDE2-45B9-92DB-E357B8E58638}.Release|x86.ActiveCfg = Release|Win32
		{D27E9AC3-BDE2-45B9-92DB-E357B8E58638}.Release|x86.Build.0 = Release|Win32
		{8908462B-EC82-4FD5-86E3-DA712C89CA6B}.Debug|x64.ActiveCfg = Debug|x64
		{8908462B-EC82-4FD5-86E3-DA712C89CA6B}.Debug|x64.Build.0 = Debug|x64
		{8908462B-EC82-4FD5-86E3-DA712C89CA6B}.Debug|x86.ActiveCfg = Debug|Win32
		{8908462B-EC82-4FD5-86E3-DA712C89CA6B}.Debug|x86.Build.0 = Debug|Win32
		{8908462B-EC82-4FD5-86E3-DA712C89CA6B}.Release|x64.ActiveCfg = Release|x64
		{8908462B-EC82-4FD5-86E3-DA712C89CA6B}.Release|x64.Build.0 = Release|x64
		{8908462B-EC82-4FD5-86E3-DA712C89CA6B}.Release|x86.ActiveCfg = Release|Win32
		{8908462B-EC82-4FD5-86E3-DA712C89CA6B}.Release|x86.Build.0 = Release|Win32
		{616491CF-81DB-4989-BBC1-A0A67CE7F72A}.Debug|x64.ActiveCfg = Debug|x64
		{616491CF-81DB-4989-BBC1-A0A67CE7F72A}.Debug|x64.Build.0 = Debug|x64
		{616491CF-81DB-4989-BBC1-A0A67CE7F72A}.Debug|x86.ActiveCfg = Debug|Win32
		{616491CF-81DB-4989-BBC1-A0A67CE7F72A}.Debug|x86.Build.0 = Debug|Win32
		{616491CF-81DB-4989-BBC1-A0A67CE7F72A}.Release|x64.ActiveCfg = Release|x64
		{616491CF-81DB-4989-BBC1-A0A67CE7F72A}.Release|x64.Build.0 = Release|x64
		{616491CF-81DB-4989-BBC1-A0A67CE7F72A}.Release|x86.ActiveCfg = Release|Win32
		{616491CF-81DB-4989-BBC1-A0A67CE7F72A}.Release|x86.Build.0 = Release|Win32
		{0A86FF9B-E2ED-48D0-947A-9A4C1F5C861B}.Debug|x64.ActiveCfg = Debug|x64
		{0A86FF9B-E2ED-48D0-947A-9A4C1F5C861B}.Debug|x64.Build.0 = Debug|x64
		{0A86FF9B-E2ED-48D0-947A-9A4C1F5C861B}.Debug|x86.ActiveCfg = Debug|Win32
		{0A86FF9B-E2ED-48D0-947A-9A4C1F5C861B}.Debug|x86.Build.0 = Debug|Win32
		{0A86FF9B-E2ED-48D0-947A-9A4C1F5C861B}.Release|x64.ActiveCfg = Release|x64
		{0A86FF9B-E2ED-48D0-947A-9A4C1F5C861B}.Release|x64.Build.0 = Release|x64
		{0A86FF9B-E2ED-48D0-947A-9A4C1F5C861B}.Release|x86.ActiveCfg = Release|Win32
		{0A86FF9B-E2ED-48D0-947A-9A4C1F5C861B}.Release|x86.Build.0 = Release|Win32
		{4788BBEE-6C18-4B5F-AE8B-8CF517B11E4B}.Debug|x64.ActiveCfg = Debug|x64
		{4788BBEE-6C18-4B5F-AE8B-8CF517B11E4B}.Debug|x64.Build.0 = Debug|x64
		{4788BBEE-6C18-4B5F-AE8B-8CF517B11E4B}.Debug|x86.ActiveCfg = Debug|Win32
		{4788BBEE-6C18-4B5F-AE8B-8CF517B11E4B}.Debug|x86.Build.0 = Debug|Win32
		{4788BBEE-6C18-4B5F-AE8B-8CF517B11E4B}.Release|x64.ActiveCfg = Release|x64
		{4788BBEE-6C18-4B5F-AE8B-8CF517B11E4B}.Release|x64.Build.0 = Release|x64
		{4788BBEE-6C18-4B5F-AE8B-8CF517B11E4B}.Release|x86.ActiveCfg = Release|Win32
		{4788BBEE-6C18-4B5F-AE8B-8CF517B11E4B}.Release|x86.Build.0 = Release|Win32
		{346402EE-B107-4912-89F3-300AFF2CCBC3}.Debug|x64.ActiveCfg = Debug|x64
		{346402EE-B107-4912-89F3-300AFF2CCBC3}.Debug|x64.Build.0 = Debug|x64
		{346402EE-B107-4912-89F3-300AFF2CCBC3}.Debug|x86.ActiveCfg = Debug|Win32
		{346402EE-B107-4912-89F3-300AFF2CCBC3}.Debug|x86.Build.0 = Debug|Win32
		{346402EE-B107-4912-89F3-300AFF2CCBC3}.Release|x64.ActiveCfg = Release|x64
		{346402EE-B107-4912-89F3-300AFF2CCBC3}.Release|x64.Build.0 = Release|x64
		{346402EE-B107-4912-89F3-300AFF2CCBC3}.Release|x86.ActiveCfg = Release|Win32
		{346402EE-B107-4912-89F3-300AFF2CCBC3}.Release|x86.Build.0 = Release|Win32
		{564EBA95-B503-4339-BB21-EB6E31847302}.Debug|x64.ActiveCfg = Debug|x64
		{564EBA95-B503-4339-BB21-EB6E31847302}.Debug|x64.Build.0 = Debug|x64
		{564EBA95-B503-4339-BB21-EB6E31847302}.Debug|x86.ActiveCfg = Debug|Win32
		{564EBA95-B503-4339-BB21-EB6E31847302}.Debug|x86.Build.0 = Debug|Win32
		{564EBA95-B503-4339-BB21-EB6E31847302}.Release|x64.ActiveCfg = Release|x64
		{564EBA95-B503-4339-BB21-EB6E31847302}.Release|x64.Build.0 = Release|x64
		{564EBA95-B503-4339-BB21-EB6E31847302}.Release|x86.ActiveCfg = Release|Win32
		{564EBA95-B503-4339-BB21-EB6E31847302}.Release|x86.Build.0 = Release|Win32
		{595848F4-F356-49C4-9165-8F196CA133D5}.Debug|x64.ActiveCfg = Debug|x64
		{595848F4-F356-49C4-9165-8F196CA133D5}.Debug|x64.Build.0 = Debug|x64
		{595848F4-F356-49C4-9165-8F196CA133D5}.Debug|x86.ActiveCfg = Debug|Win32
		{595848F4-F356-49C4-9165-8F196CA133D5}.Debug|x86.Build.0 = Debug|Win32
		{595848F4-F356-49C4-9165-8F196CA133D5}.Release|x64.ActiveCfg = Release|x64
		{595848F4-F356-49C4-9165-8F196CA133D5}.Release|x64.Build.0 = Release|x64
		{595848F4-F356-49C4-9165-8F196CA133D5}.Release|x86.ActiveCfg = Release|Win32
		{595848F4-F356-49C4-9165-8F196CA133D5}.Release|x86.Build.0 = Release|Win32
		{390ADF79-9AC6-4E9E-ABC6-20B04EADBE7B}.Debug|x64.ActiveCfg = Debug|x64
		{390ADF79-9AC6-4E9E-ABC6-20B04EADBE7B}.Debug|x64.Build.0 = Debug|x64
		{390ADF79-9AC6-4E9E-ABC6-20B04EADBE7B}.Debug|x86.ActiveCfg = Debug|Win32
		{390ADF79-9AC6-4E9E-ABC6-20B04EADBE7B}.Debug|x86.Build.0 = Debug|Win32
		{390ADF79-9AC6-4E9E-ABC6-20B04EADBE7B}.Release|x64.ActiveCfg = Release|x64
		{390ADF79-9AC6-4E9E-ABC6-20B04EADBE7B}.Release|x64.Build.0 = Release|x64
		{390ADF79-9AC6-4E9E-ABC6-20B04EADBE7B}.Release|x86.ActiveCfg = Release|Win32
		{390ADF79-9AC6-4E9E-ABC6-20B04EADBE7B}.Release|x86.Build.0 = Release|Win32
		{3C016FBA-B485-4A86-A4CB-6D5A61CC06EE}.Debug|x64.ActiveCfg = Debug|x64
		{3C016FBA-B485-4A86-A4CB-6D5A61CC06EE}.Debug|x64.Build.0 = Debug|x64
		{3C016FBA-B485-4A86-A4CB-6D5A61CC06EE}.Debug|x86.ActiveCfg = Debug|Win32
		{3C016FBA-B485-4A86-A4CB-6D5A61CC06EE}.Debug|x86.Build.0 = Debug|Win32
		{3C016FBA-B485-4A86-A4CB-6D5A61CC06EE}.Release|x64.ActiveCfg = Release|x64
		{3C016FBA-B485-4A86-A4CB-6D5A61CC06EE}.Release|x64.Build.0 = Release|x64
		{3C016FBA-B485-4A86-A4CB-6D5A61CC06EE}.Release|x86.ActiveCfg = Release|Win32
		{3C016FBA-B485-4A86-A4CB-6D5A61CC06EE}.Release|x86.Build.0 = Release|Win32
	EndGlobalSection
	GlobalSection(SolutionProperties) = preSolution
		HideSolutionNode = FALSE
	EndGlobalSection
	GlobalSection(ExtensibilityGlobals) = postSolution
		SolutionGuid = {802DDBDE-B392-4263-94F0-ABEF338B963F}
	EndGlobalSection
EndGlobal
